
Microsoft Visual Studio Solution File, Format Version 12.00
# Visual Studio Version 17
VisualStudioVersion = 17.14.36301.6 d17.14
MinimumVisualStudioVersion = 10.0.40219.1
Project("{FAE04EC0-301F-11D3-BF4B-00C04F79EFBC}") = "MarketPlace", "MarketPlace.csproj", "{BF3335D1-0765-45B7-8165-265BFB1E9053}"
EndProject
Global
	GlobalSection(SolutionConfigurationPlatforms) = preSolution
		Debug|Any CPU = Debug|Any CPU
		Release|Any CPU = Release|Any CPU
	EndGlobalSection
	GlobalSection(ProjectConfigurationPlatforms) = postSolution
		{BF3335D1-0765-45B7-8165-265BFB1E9053}.Debug|Any CPU.ActiveCfg = Debug|Any CPU
		{BF3335D1-0765-45B7-8165-265BFB1E9053}.Debug|Any CPU.Build.0 = Debug|Any CPU
		{BF3335D1-0765-45B7-8165-265BFB1E9053}.Release|Any CPU.ActiveCfg = Release|Any CPU
		{BF3335D1-0765-45B7-8165-265BFB1E9053}.Release|Any CPU.Build.0 = Release|Any CPU
	EndGlobalSection
	GlobalSection(SolutionProperties) = preSolution
		HideSolutionNode = FALSE
	EndGlobalSection
	GlobalSection(ExtensibilityGlobals) = postSolution
		SolutionGuid = {DA329049-9678-4472-BB83-3B5966B26D79}
	EndGlobalSection
EndGlobal
